// !$*UTF8*$!
{
	archiveVersion = 1;
	classes = {
	};
	objectVersion = 50;
	objects = {

/* Begin PBXBuildFile section */
		2586137125DFCDC300941A46 /* AppDelegate.swift in Sources */ = {isa = PBXBuildFile; fileRef = 2586137025DFCDC300941A46 /* AppDelegate.swift */; };
		2586137325DFCDC300941A46 /* SceneDelegate.swift in Sources */ = {isa = PBXBuildFile; fileRef = 2586137225DFCDC300941A46 /* SceneDelegate.swift */; };
		2586137525DFCDC300941A46 /* ViewController.swift in Sources */ = {isa = PBXBuildFile; fileRef = 2586137425DFCDC300941A46 /* ViewController.swift */; };
		2586137825DFCDC300941A46 /* Main.storyboard in Resources */ = {isa = PBXBuildFile; fileRef = 2586137625DFCDC300941A46 /* Main.storyboard */; };
		2586137A25DFCDC600941A46 /* Assets.xcassets in Resources */ = {isa = PBXBuildFile; fileRef = 2586137925DFCDC600941A46 /* Assets.xcassets */; };
		2586137D25DFCDC600941A46 /* LaunchScreen.storyboard in Resources */ = {isa = PBXBuildFile; fileRef = 2586137B25DFCDC600941A46 /* LaunchScreen.storyboard */; };
		2586138525DFCE5500941A46 /* VideoPlayer.swift in Sources */ = {isa = PBXBuildFile; fileRef = 2586138425DFCE5500941A46 /* VideoPlayer.swift */; };
		2586138925DFF32B00941A46 /* FaceTrackerAR.swift in Sources */ = {isa = PBXBuildFile; fileRef = 2586138825DFF32B00941A46 /* FaceTrackerAR.swift */; };
		2586138B25E019BC00941A46 /* FaceTrackingStatus.swift in Sources */ = {isa = PBXBuildFile; fileRef = 2586138A25E019BC00941A46 /* FaceTrackingStatus.swift */; };
		2586139025E01E6000941A46 /* FaceTrackerAV.swift in Sources */ = {isa = PBXBuildFile; fileRef = 2586138F25E01E6000941A46 /* FaceTrackerAV.swift */; };
		2586139225E01FFB00941A46 /* FaceTracker.swift in Sources */ = {isa = PBXBuildFile; fileRef = 2586139125E01FFB00941A46 /* FaceTracker.swift */; };
/* End PBXBuildFile section */

/* Begin PBXFileReference section */
		2586136D25DFCDC300941A46 /* ARVideoPlayer.app */ = {isa = PBXFileReference; explicitFileType = wrapper.application; includeInIndex = 0; path = ARVideoPlayer.app; sourceTree = BUILT_PRODUCTS_DIR; };
		2586137025DFCDC300941A46 /* AppDelegate.swift */ = {isa = PBXFileReference; lastKnownFileType = sourcecode.swift; path = AppDelegate.swift; sourceTree = "<group>"; };
		2586137225DFCDC300941A46 /* SceneDelegate.swift */ = {isa = PBXFileReference; lastKnownFileType = sourcecode.swift; path = SceneDelegate.swift; sourceTree = "<group>"; };
		2586137425DFCDC300941A46 /* ViewController.swift */ = {isa = PBXFileReference; lastKnownFileType = sourcecode.swift; path = ViewController.swift; sourceTree = "<group>"; };
		2586137725DFCDC300941A46 /* Base */ = {isa = PBXFileReference; lastKnownFileType = file.storyboard; name = Base; path = Base.lproj/Main.storyboard; sourceTree = "<group>"; };
		2586137925DFCDC600941A46 /* Assets.xcassets */ = {isa = PBXFileReference; lastKnownFileType = folder.assetcatalog; path = Assets.xcassets; sourceTree = "<group>"; };
		2586137C25DFCDC600941A46 /* Base */ = {isa = PBXFileReference; lastKnownFileType = file.storyboard; name = Base; path = Base.lproj/LaunchScreen.storyboard; sourceTree = "<group>"; };
		2586137E25DFCDC600941A46 /* Info.plist */ = {isa = PBXFileReference; lastKnownFileType = text.plist.xml; path = Info.plist; sourceTree = "<group>"; };
		2586138425DFCE5500941A46 /* VideoPlayer.swift */ = {isa = PBXFileReference; lastKnownFileType = sourcecode.swift; path = VideoPlayer.swift; sourceTree = "<group>"; };
		2586138825DFF32B00941A46 /* FaceTrackerAR.swift */ = {isa = PBXFileReference; lastKnownFileType = sourcecode.swift; path = FaceTrackerAR.swift; sourceTree = "<group>"; };
		2586138A25E019BC00941A46 /* FaceTrackingStatus.swift */ = {isa = PBXFileReference; lastKnownFileType = sourcecode.swift; path = FaceTrackingStatus.swift; sourceTree = "<group>"; };
		2586138F25E01E6000941A46 /* FaceTrackerAV.swift */ = {isa = PBXFileReference; lastKnownFileType = sourcecode.swift; path = FaceTrackerAV.swift; sourceTree = "<group>"; };
		2586139125E01FFB00941A46 /* FaceTracker.swift */ = {isa = PBXFileReference; lastKnownFileType = sourcecode.swift; path = FaceTracker.swift; sourceTree = "<group>"; };
/* End PBXFileReference section */

/* Begin PBXFrameworksBuildPhase section */
		2586136A25DFCDC300941A46 /* Frameworks */ = {
			isa = PBXFrameworksBuildPhase;
			buildActionMask = 2147483647;
			files = (
			);
			runOnlyForDeploymentPostprocessing = 0;
		};
/* End PBXFrameworksBuildPhase section */

/* Begin PBXGroup section */
		2586136425DFCDC300941A46 = {
			isa = PBXGroup;
			children = (
				2586136F25DFCDC300941A46 /* ARVideoPlayer */,
				2586136E25DFCDC300941A46 /* Products */,
			);
			sourceTree = "<group>";
		};
		2586136E25DFCDC300941A46 /* Products */ = {
			isa = PBXGroup;
			children = (
				2586136D25DFCDC300941A46 /* ARVideoPlayer.app */,
			);
			name = Products;
			sourceTree = "<group>";
		};
		2586136F25DFCDC300941A46 /* ARVideoPlayer */ = {
			isa = PBXGroup;
			children = (
				2586138E25E01D8600941A46 /* AppDelegate */,
				2586138D25E01B6E00941A46 /* FaceTracking */,
				2586138425DFCE5500941A46 /* VideoPlayer.swift */,
				2586137425DFCDC300941A46 /* ViewController.swift */,
				2586137625DFCDC300941A46 /* Main.storyboard */,
				2586137925DFCDC600941A46 /* Assets.xcassets */,
				2586137B25DFCDC600941A46 /* LaunchScreen.storyboard */,
				2586137E25DFCDC600941A46 /* Info.plist */,
			);
			path = ARVideoPlayer;
			sourceTree = "<group>";
		};
		2586138D25E01B6E00941A46 /* FaceTracking */ = {
			isa = PBXGroup;
			children = (
				2586139125E01FFB00941A46 /* FaceTracker.swift */,
				2586138825DFF32B00941A46 /* FaceTrackerAR.swift */,
				2586138F25E01E6000941A46 /* FaceTrackerAV.swift */,
				2586138A25E019BC00941A46 /* FaceTrackingStatus.swift */,
			);
			path = FaceTracking;
			sourceTree = "<group>";
		};
		2586138E25E01D8600941A46 /* AppDelegate */ = {
			isa = PBXGroup;
			children = (
				2586137025DFCDC300941A46 /* AppDelegate.swift */,
				2586137225DFCDC300941A46 /* SceneDelegate.swift */,
			);
			path = AppDelegate;
			sourceTree = "<group>";
		};
/* End PBXGroup section */

/* Begin PBXNativeTarget section */
		2586136C25DFCDC300941A46 /* ARVideoPlayer */ = {
			isa = PBXNativeTarget;
			buildConfigurationList = 2586138125DFCDC600941A46 /* Build configuration list for PBXNativeTarget "ARVideoPlayer" */;
			buildPhases = (
				2586136925DFCDC300941A46 /* Sources */,
				2586136A25DFCDC300941A46 /* Frameworks */,
				2586136B25DFCDC300941A46 /* Resources */,
			);
			buildRules = (
			);
			dependencies = (
			);
			name = ARVideoPlayer;
			productName = ARVideoPlayer;
			productReference = 2586136D25DFCDC300941A46 /* ARVideoPlayer.app */;
			productType = "com.apple.product-type.application";
		};
/* End PBXNativeTarget section */

/* Begin PBXProject section */
		2586136525DFCDC300941A46 /* Project object */ = {
			isa = PBXProject;
			attributes = {
				LastSwiftUpdateCheck = 1250;
				LastUpgradeCheck = 1250;
				TargetAttributes = {
					2586136C25DFCDC300941A46 = {
						CreatedOnToolsVersion = 12.5;
					};
				};
			};
			buildConfigurationList = 2586136825DFCDC300941A46 /* Build configuration list for PBXProject "ARVideoPlayer" */;
			compatibilityVersion = "Xcode 9.3";
			developmentRegion = en;
			hasScannedForEncodings = 0;
			knownRegions = (
				en,
				Base,
			);
			mainGroup = 2586136425DFCDC300941A46;
			productRefGroup = 2586136E25DFCDC300941A46 /* Products */;
			projectDirPath = "";
			projectRoot = "";
			targets = (
				2586136C25DFCDC300941A46 /* ARVideoPlayer */,
			);
		};
/* End PBXProject section */

/* Begin PBXResourcesBuildPhase section */
		2586136B25DFCDC300941A46 /* Resources */ = {
			isa = PBXResourcesBuildPhase;
			buildActionMask = 2147483647;
			files = (
				2586137D25DFCDC600941A46 /* LaunchScreen.storyboard in Resources */,
				2586137A25DFCDC600941A46 /* Assets.xcassets in Resources */,
				2586137825DFCDC300941A46 /* Main.storyboard in Resources */,
			);
			runOnlyForDeploymentPostprocessing = 0;
		};
/* End PBXResourcesBuildPhase section */

/* Begin PBXSourcesBuildPhase section */
		2586136925DFCDC300941A46 /* Sources */ = {
			isa = PBXSourcesBuildPhase;
			buildActionMask = 2147483647;
			files = (
				2586138525DFCE5500941A46 /* VideoPlayer.swift in Sources */,
				2586138B25E019BC00941A46 /* FaceTrackingStatus.swift in Sources */,
				2586137525DFCDC300941A46 /* ViewController.swift in Sources */,
				2586138925DFF32B00941A46 /* FaceTrackerAR.swift in Sources */,
				2586137125DFCDC300941A46 /* AppDelegate.swift in Sources */,
				2586139025E01E6000941A46 /* FaceTrackerAV.swift in Sources */,
				2586137325DFCDC300941A46 /* SceneDelegate.swift in Sources */,
				2586139225E01FFB00941A46 /* FaceTracker.swift in Sources */,
			);
			runOnlyForDeploymentPostprocessing = 0;
		};
/* End PBXSourcesBuildPhase section */

/* Begin PBXVariantGroup section */
		2586137625DFCDC300941A46 /* Main.storyboard */ = {
			isa = PBXVariantGroup;
			children = (
				2586137725DFCDC300941A46 /* Base */,
			);
			name = Main.storyboard;
			sourceTree = "<group>";
		};
		2586137B25DFCDC600941A46 /* LaunchScreen.storyboard */ = {
			isa = PBXVariantGroup;
			children = (
				2586137C25DFCDC600941A46 /* Base */,
			);
			name = LaunchScreen.storyboard;
			sourceTree = "<group>";
		};
/* End PBXVariantGroup section */

/* Begin XCBuildConfiguration section */
		2586137F25DFCDC600941A46 /* Debug */ = {
			isa = XCBuildConfiguration;
			buildSettings = {
				ALWAYS_SEARCH_USER_PATHS = NO;
				CLANG_ANALYZER_NONNULL = YES;
				CLANG_ANALYZER_NUMBER_OBJECT_CONVERSION = YES_AGGRESSIVE;
				CLANG_CXX_LANGUAGE_STANDARD = "gnu++14";
				CLANG_CXX_LIBRARY = "libc++";
				CLANG_ENABLE_MODULES = YES;
				CLANG_ENABLE_OBJC_ARC = YES;
				CLANG_ENABLE_OBJC_WEAK = YES;
				CLANG_WARN_BLOCK_CAPTURE_AUTORELEASING = YES;
				CLANG_WARN_BOOL_CONVERSION = YES;
				CLANG_WARN_COMMA = YES;
				CLANG_WARN_CONSTANT_CONVERSION = YES;
				CLANG_WARN_DEPRECATED_OBJC_IMPLEMENTATIONS = YES;
				CLANG_WARN_DIRECT_OBJC_ISA_USAGE = YES_ERROR;
				CLANG_WARN_DOCUMENTATION_COMMENTS = YES;
				CLANG_WARN_EMPTY_BODY = YES;
				CLANG_WARN_ENUM_CONVERSION = YES;
				CLANG_WARN_INFINITE_RECURSION = YES;
				CLANG_WARN_INT_CONVERSION = YES;
				CLANG_WARN_NON_LITERAL_NULL_CONVERSION = YES;
				CLANG_WARN_OBJC_IMPLICIT_RETAIN_SELF = YES;
				CLANG_WARN_OBJC_LITERAL_CONVERSION = YES;
				CLANG_WARN_OBJC_ROOT_CLASS = YES_ERROR;
				CLANG_WARN_QUOTED_INCLUDE_IN_FRAMEWORK_HEADER = YES;
				CLANG_WARN_RANGE_LOOP_ANALYSIS = YES;
				CLANG_WARN_STRICT_PROTOTYPES = YES;
				CLANG_WARN_SUSPICIOUS_MOVE = YES;
				CLANG_WARN_UNGUARDED_AVAILABILITY = YES_AGGRESSIVE;
				CLANG_WARN_UNREACHABLE_CODE = YES;
				CLANG_WARN__DUPLICATE_METHOD_MATCH = YES;
				COPY_PHASE_STRIP = NO;
				DEBUG_INFORMATION_FORMAT = dwarf;
				ENABLE_STRICT_OBJC_MSGSEND = YES;
				ENABLE_TESTABILITY = YES;
				GCC_C_LANGUAGE_STANDARD = gnu11;
				GCC_DYNAMIC_NO_PIC = NO;
				GCC_NO_COMMON_BLOCKS = YES;
				GCC_OPTIMIZATION_LEVEL = 0;
				GCC_PREPROCESSOR_DEFINITIONS = (
					"DEBUG=1",
					"$(inherited)",
				);
				GCC_WARN_64_TO_32_BIT_CONVERSION = YES;
				GCC_WARN_ABOUT_RETURN_TYPE = YES_ERROR;
				GCC_WARN_UNDECLARED_SELECTOR = YES;
				GCC_WARN_UNINITIALIZED_AUTOS = YES_AGGRESSIVE;
				GCC_WARN_UNUSED_FUNCTION = YES;
				GCC_WARN_UNUSED_VARIABLE = YES;
				IPHONEOS_DEPLOYMENT_TARGET = 14.5;
				MTL_ENABLE_DEBUG_INFO = INCLUDE_SOURCE;
				MTL_FAST_MATH = YES;
				ONLY_ACTIVE_ARCH = YES;
				SDKROOT = iphoneos;
				SWIFT_ACTIVE_COMPILATION_CONDITIONS = DEBUG;
				SWIFT_OPTIMIZATION_LEVEL = "-Onone";
			};
			name = Debug;
		};
		2586138025DFCDC600941A46 /* Release */ = {
			isa = XCBuildConfiguration;
			buildSettings = {
				ALWAYS_SEARCH_USER_PATHS = NO;
				CLANG_ANALYZER_NONNULL = YES;
				CLANG_ANALYZER_NUMBER_OBJECT_CONVERSION = YES_AGGRESSIVE;
				CLANG_CXX_LANGUAGE_STANDARD = "gnu++14";
				CLANG_CXX_LIBRARY = "libc++";
				CLANG_ENABLE_MODULES = YES;
				CLANG_ENABLE_OBJC_ARC = YES;
				CLANG_ENABLE_OBJC_WEAK = YES;
				CLANG_WARN_BLOCK_CAPTURE_AUTORELEASING = YES;
				CLANG_WARN_BOOL_CONVERSION = YES;
				CLANG_WARN_COMMA = YES;
				CLANG_WARN_CONSTANT_CONVERSION = YES;
				CLANG_WARN_DEPRECATED_OBJC_IMPLEMENTATIONS = YES;
				CLANG_WARN_DIRECT_OBJC_ISA_USAGE = YES_ERROR;
				CLANG_WARN_DOCUMENTATION_COMMENTS = YES;
				CLANG_WARN_EMPTY_BODY = YES;
				CLANG_WARN_ENUM_CONVERSION = YES;
				CLANG_WARN_INFINITE_RECURSION = YES;
				CLANG_WARN_INT_CONVERSION = YES;
				CLANG_WARN_NON_LITERAL_NULL_CONVERSION = YES;
				CLANG_WARN_OBJC_IMPLICIT_RETAIN_SELF = YES;
				CLANG_WARN_OBJC_LITERAL_CONVERSION = YES;
				CLANG_WARN_OBJC_ROOT_CLASS = YES_ERROR;
				CLANG_WARN_QUOTED_INCLUDE_IN_FRAMEWORK_HEADER = YES;
				CLANG_WARN_RANGE_LOOP_ANALYSIS = YES;
				CLANG_WARN_STRICT_PROTOTYPES = YES;
				CLANG_WARN_SUSPICIOUS_MOVE = YES;
				CLANG_WARN_UNGUARDED_AVAILABILITY = YES_AGGRESSIVE;
				CLANG_WARN_UNREACHABLE_CODE = YES;
				CLANG_WARN__DUPLICATE_METHOD_MATCH = YES;
				COPY_PHASE_STRIP = NO;
				DEBUG_INFORMATION_FORMAT = "dwarf-with-dsym";
				ENABLE_NS_ASSERTIONS = NO;
				ENABLE_STRICT_OBJC_MSGSEND = YES;
				GCC_C_LANGUAGE_STANDARD = gnu11;
				GCC_NO_COMMON_BLOCKS = YES;
				GCC_WARN_64_TO_32_BIT_CONVERSION = YES;
				GCC_WARN_ABOUT_RETURN_TYPE = YES_ERROR;
				GCC_WARN_UNDECLARED_SELECTOR = YES;
				GCC_WARN_UNINITIALIZED_AUTOS = YES_AGGRESSIVE;
				GCC_WARN_UNUSED_FUNCTION = YES;
				GCC_WARN_UNUSED_VARIABLE = YES;
				IPHONEOS_DEPLOYMENT_TARGET = 14.5;
				MTL_ENABLE_DEBUG_INFO = NO;
				MTL_FAST_MATH = YES;
				SDKROOT = iphoneos;
				SWIFT_COMPILATION_MODE = wholemodule;
				SWIFT_OPTIMIZATION_LEVEL = "-O";
				VALIDATE_PRODUCT = YES;
			};
			name = Release;
		};
		2586138225DFCDC600941A46 /* Debug */ = {
			isa = XCBuildConfiguration;
			buildSettings = {
				ASSETCATALOG_COMPILER_APPICON_NAME = AppIcon;
				ASSETCATALOG_COMPILER_GLOBAL_ACCENT_COLOR_NAME = AccentColor;
				CODE_SIGN_IDENTITY = "Apple Development";
				CODE_SIGN_STYLE = Automatic;
				DEVELOPMENT_TEAM = "";
				INFOPLIST_FILE = ARVideoPlayer/Info.plist;
				IPHONEOS_DEPLOYMENT_TARGET = 13.6;
				LD_RUNPATH_SEARCH_PATHS = (
					"$(inherited)",
					"@executable_path/Frameworks",
				);
				PRODUCT_BUNDLE_IDENTIFIER = com.gfrigerio.ARVideoPlayer;
				PRODUCT_NAME = "$(TARGET_NAME)";
				PROVISIONING_PROFILE_SPECIFIER = "";
				SWIFT_VERSION = 5.0;
				TARGETED_DEVICE_FAMILY = "1,2";
			};
			name = Debug;
		};
		2586138325DFCDC600941A46 /* Release */ = {
			isa = XCBuildConfiguration;
			buildSettings = {
				ASSETCATALOG_COMPILER_APPICON_NAME = AppIcon;
				ASSETCATALOG_COMPILER_GLOBAL_ACCENT_COLOR_NAME = AccentColor;
				CODE_SIGN_IDENTITY = "Apple Development";
				CODE_SIGN_STYLE = Automatic;
				DEVELOPMENT_TEAM = "";
				INFOPLIST_FILE = ARVideoPlayer/Info.plist;
				IPHONEOS_DEPLOYMENT_TARGET = 13.6;
				LD_RUNPATH_SEARCH_PATHS = (
					"$(inherited)",
					"@executable_path/Frameworks",
				);
				PRODUCT_BUNDLE_IDENTIFIER = com.gfrigerio.ARVideoPlayer;
				PRODUCT_NAME = "$(TARGET_NAME)";
				PROVISIONING_PROFILE_SPECIFIER = "";
				SWIFT_VERSION = 5.0;
				TARGETED_DEVICE_FAMILY = "1,2";
			};
			name = Release;
		};
/* End XCBuildConfiguration section */

/* Begin XCConfigurationList section */
		2586136825DFCDC300941A46 /* Build configuration list for PBXProject "ARVideoPlayer" */ = {
			isa = XCConfigurationList;
			buildConfigurations = (
				2586137F25DFCDC600941A46 /* Debug */,
				2586138025DFCDC600941A46 /* Release */,
			);
			defaultConfigurationIsVisible = 0;
			defaultConfigurationName = Release;
		};
		2586138125DFCDC600941A46 /* Build configuration list for PBXNativeTarget "ARVideoPlayer" */ = {
			isa = XCConfigurationList;
			buildConfigurations = (
				2586138225DFCDC600941A46 /* Debug */,
				2586138325DFCDC600941A46 /* Release */,
			);
			defaultConfigurationIsVisible = 0;
			defaultConfigurationName = Release;
		};
/* End XCConfigurationList section */
	};
	rootObject = 2586136525DFCDC300941A46 /* Project object */;
}
